{
  "name": "comando-pronto-ia",
  "version": "0.1.0",
  "lockfileVersion": 3,
  "requires": true,
  "packages": {
    "": {
      "name": "comando-pronto-ia",
      "version": "0.1.0",
      "dependencies": {
        "react": "file:vendor/react",
        "react-dom": "file:vendor/react-dom",
        "react-router-dom": "file:vendor/react-router-dom"
      },
      "devDependencies": {
        "@vitejs/plugin-react": "file:vendor/vite-plugin-react",
        "autoprefixer": "file:vendor/autoprefixer",
        "postcss": "file:vendor/postcss",
        "tailwindcss": "file:vendor/tailwindcss",
        "typescript": "file:vendor/typescript",
        "vite": "file:vendor/vite"
      }
    },
    "node_modules/@vitejs/plugin-react": {
      "resolved": "vendor/vite-plugin-react",
      "link": true
    },
    "node_modules/autoprefixer": {
      "resolved": "vendor/autoprefixer",
      "link": true
    },
    "node_modules/postcss": {
      "resolved": "vendor/postcss",
      "link": true
    },
    "node_modules/react": {
      "resolved": "vendor/react",
      "link": true
    },
    "node_modules/react-dom": {
      "resolved": "vendor/react-dom",
      "link": true
    },
    "node_modules/react-router-dom": {
      "resolved": "vendor/react-router-dom",
      "link": true
    },
    "node_modules/tailwindcss": {
      "resolved": "vendor/tailwindcss",
      "link": true
    },
    "node_modules/typescript": {
      "resolved": "vendor/typescript",
      "link": true
    },
    "node_modules/vite": {
      "resolved": "vendor/vite",
      "link": true
    },
    "vendor/autoprefixer": {
      "version": "0.0.0-local",
      "dev": true
    },
    "vendor/postcss": {
      "version": "0.0.0-local",
      "dev": true
    },
    "vendor/react": {
      "version": "0.0.0-local"
    },
    "vendor/react-dom": {
      "version": "0.0.0-local"
    },
    "vendor/react-router-dom": {
      "version": "0.0.0-local"
    },
    "vendor/tailwindcss": {
      "version": "0.0.0-local",
      "dev": true
    },
    "vendor/typescript": {
      "version": "0.0.0-local",
      "dev": true,
      "bin": {
        "tsc": "bin/tsc"
      }
    },
    "vendor/vite": {
      "version": "0.0.0-local",
      "dev": true,
      "bin": {
        "vite": "bin/vite.js"
      }
    },
    "vendor/vite-plugin-react": {
      "name": "@vitejs/plugin-react",
      "version": "0.0.0-local",
      "dev": true
    }
  }
}
